
Microsoft Visual Studio Solution File, Format Version 12.00
# Visual Studio 15
VisualStudioVersion = 15.0.28306.52
MinimumVisualStudioVersion = 10.0.40219.1
Project("{FAE04EC0-301F-11D3-BF4B-00C04F79EFBC}") = "DataCore", "Lib\DataCore\DataCore.csproj", "{6165B697-9DF1-4655-BBF6-E6AAF805D0F6}"
EndProject
Project("{2150E333-8FDC-42A3-9474-1A3956D46DE8}") = "BaseCore", "BaseCore", "{075B52B8-AB7E-42BF-BBBC-821835EEB04B}"
EndProject
Project("{FAE04EC0-301F-11D3-BF4B-00C04F79EFBC}") = "ProjectCore", "Lib\ProjectCore\ProjectCore.csproj", "{2A2ABEE7-F21C-432E-8999-9CFF758DFA54}"
EndProject
Project("{2150E333-8FDC-42A3-9474-1A3956D46DE8}") = "Engine", "Engine", "{E3FEB618-9F13-48AA-9ADE-AC90701E2A8F}"
EndProject
Project("{FAE04EC0-301F-11D3-BF4B-00C04F79EFBC}") = "FusionEngine", "FusionEngine\FusionEngine.csproj", "{82EFC008-09CE-483B-B471-2620501C40A1}"
EndProject
Project("{FAE04EC0-301F-11D3-BF4B-00C04F79EFBC}") = "FusionScript", "FusionScript\FusionScript.csproj", "{FD078AFC-101A-4EE8-B67B-066255154F59}"
EndProject
Project("{2150E333-8FDC-42A3-9474-1A3956D46DE8}") = "Script", "Script", "{8E8EE346-DE52-4241-B849-E88912C6EED5}"
EndProject
Project("{FAE04EC0-301F-11D3-BF4B-00C04F79EFBC}") = "FusionIDE", "FusionIDE\FusionIDE.csproj", "{07ABBF02-B19D-4E66-B190-ED736B6AFA74}"
EndProject
Project("{2150E333-8FDC-42A3-9474-1A3956D46DE8}") = "Editors", "Editors", "{42A8FB4F-F009-476D-A69C-ED4DB6614990}"
EndProject
Project("{2150E333-8FDC-42A3-9474-1A3956D46DE8}") = "Tests", "Tests", "{E42F559F-A601-410B-B754-682A6D48FCC4}"
EndProject
Project("{FAE04EC0-301F-11D3-BF4B-00C04F79EFBC}") = "FusionScriptTests", "FusionScriptTests\FusionScriptTests.csproj", "{27B852C9-6029-4F86-B908-F0B7282196BD}"
EndProject
Project("{FAE04EC0-301F-11D3-BF4B-00C04F79EFBC}") = "Foom", "Foom\Foom.csproj", "{F605E98B-BC64-483D-9418-019791BBAA42}"
EndProject
Global
	GlobalSection(SolutionConfigurationPlatforms) = preSolution
		Debug|Any CPU = Debug|Any CPU
		Debug|x64 = Debug|x64
		Debug|x86 = Debug|x86
		Release|Any CPU = Release|Any CPU
		Release|x64 = Release|x64
		Release|x86 = Release|x86
	EndGlobalSection
	GlobalSection(ProjectConfigurationPlatforms) = postSolution
		{6165B697-9DF1-4655-BBF6-E6AAF805D0F6}.Debug|Any CPU.ActiveCfg = Debug|Any CPU
		{6165B697-9DF1-4655-BBF6-E6AAF805D0F6}.Debug|Any CPU.Build.0 = Debug|Any CPU
		{6165B697-9DF1-4655-BBF6-E6AAF805D0F6}.Debug|x64.ActiveCfg = Debug|x64
		{6165B697-9DF1-4655-BBF6-E6AAF805D0F6}.Debug|x64.Build.0 = Debug|x64
		{6165B697-9DF1-4655-BBF6-E6AAF805D0F6}.Debug|x86.ActiveCfg = Debug|x86
		{6165B697-9DF1-4655-BBF6-E6AAF805D0F6}.Debug|x86.Build.0 = Debug|x86
		{6165B697-9DF1-4655-BBF6-E6AAF805D0F6}.Release|Any CPU.ActiveCfg = Release|Any CPU
		{6165B697-9DF1-4655-BBF6-E6AAF805D0F6}.Release|Any CPU.Build.0 = Release|Any CPU
		{6165B697-9DF1-4655-BBF6-E6AAF805D0F6}.Release|x64.ActiveCfg = Release|x64
		{6165B697-9DF1-4655-BBF6-E6AAF805D0F6}.Release|x64.Build.0 = Release|x64
		{6165B697-9DF1-4655-BBF6-E6AAF805D0F6}.Release|x86.ActiveCfg = Release|x86
		{6165B697-9DF1-4655-BBF6-E6AAF805D0F6}.Release|x86.Build.0 = Release|x86
		{2A2ABEE7-F21C-432E-8999-9CFF758DFA54}.Debug|Any CPU.ActiveCfg = Debug|Any CPU
		{2A2ABEE7-F21C-432E-8999-9CFF758DFA54}.Debug|Any CPU.Build.0 = Debug|Any CPU
		{2A2ABEE7-F21C-432E-8999-9CFF758DFA54}.Debug|x64.ActiveCfg = Debug|x64
		{2A2ABEE7-F21C-432E-8999-9CFF758DFA54}.Debug|x64.Build.0 = Debug|x64
		{2A2ABEE7-F21C-432E-8999-9CFF758DFA54}.Debug|x86.ActiveCfg = Debug|x86
		{2A2ABEE7-F21C-432E-8999-9CFF758DFA54}.Debug|x86.Build.0 = Debug|x86
		{2A2ABEE7-F21C-432E-8999-9CFF758DFA54}.Release|Any CPU.ActiveCfg = Release|Any CPU
		{2A2ABEE7-F21C-432E-8999-9CFF758DFA54}.Release|Any CPU.Build.0 = Release|Any CPU
		{2A2ABEE7-F21C-432E-8999-9CFF758DFA54}.Release|x64.ActiveCfg = Release|x64
		{2A2ABEE7-F21C-432E-8999-9CFF758DFA54}.Release|x64.Build.0 = Release|x64
		{2A2ABEE7-F21C-432E-8999-9CFF758DFA54}.Release|x86.ActiveCfg = Release|x86
		{2A2ABEE7-F21C-432E-8999-9CFF758DFA54}.Release|x86.Build.0 = Release|x86
		{82EFC008-09CE-483B-B471-2620501C40A1}.Debug|Any CPU.ActiveCfg = Debug|Any CPU
		{82EFC008-09CE-483B-B471-2620501C40A1}.Debug|Any CPU.Build.0 = Debug|Any CPU
		{82EFC008-09CE-483B-B471-2620501C40A1}.Debug|x64.ActiveCfg = Debug|x64
		{82EFC008-09CE-483B-B471-2620501C40A1}.Debug|x64.Build.0 = Debug|x64
		{82EFC008-09CE-483B-B471-2620501C40A1}.Debug|x86.ActiveCfg = Debug|Any CPU
		{82EFC008-09CE-483B-B471-2620501C40A1}.Debug|x86.Build.0 = Debug|Any CPU
		{82EFC008-09CE-483B-B471-2620501C40A1}.Release|Any CPU.ActiveCfg = Release|Any CPU
		{82EFC008-09CE-483B-B471-2620501C40A1}.Release|Any CPU.Build.0 = Release|Any CPU
		{82EFC008-09CE-483B-B471-2620501C40A1}.Release|x64.ActiveCfg = Release|x64
		{82EFC008-09CE-483B-B471-2620501C40A1}.Release|x64.Build.0 = Release|x64
		{82EFC008-09CE-483B-B471-2620501C40A1}.Release|x86.ActiveCfg = Release|Any CPU
		{82EFC008-09CE-483B-B471-2620501C40A1}.Release|x86.Build.0 = Release|Any CPU
		{FD078AFC-101A-4EE8-B67B-066255154F59}.Debug|Any CPU.ActiveCfg = Debug|Any CPU
		{FD078AFC-101A-4EE8-B67B-066255154F59}.Debug|Any CPU.Build.0 = Debug|Any CPU
		{FD078AFC-101A-4EE8-B67B-066255154F59}.Debug|x64.ActiveCfg = Debug|x64
		{FD078AFC-101A-4EE8-B67B-066255154F59}.Debug|x64.Build.0 = Debug|x64
		{FD078AFC-101A-4EE8-B67B-066255154F59}.Debug|x86.ActiveCfg = Debug|Any CPU
		{FD078AFC-101A-4EE8-B67B-066255154F59}.Debug|x86.Build.0 = Debug|Any CPU
		{FD078AFC-101A-4EE8-B67B-066255154F59}.Release|Any CPU.ActiveCfg = Release|Any CPU
		{FD078AFC-101A-4EE8-B67B-066255154F59}.Release|Any CPU.Build.0 = Release|Any CPU
		{FD078AFC-101A-4EE8-B67B-066255154F59}.Release|x64.ActiveCfg = Release|x64
		{FD078AFC-101A-4EE8-B67B-066255154F59}.Release|x64.Build.0 = Release|x64
		{FD078AFC-101A-4EE8-B67B-066255154F59}.Release|x86.ActiveCfg = Release|Any CPU
		{FD078AFC-101A-4EE8-B67B-066255154F59}.Release|x86.Build.0 = Release|Any CPU
		{07ABBF02-B19D-4E66-B190-ED736B6AFA74}.Debug|Any CPU.ActiveCfg = Debug|Any CPU
		{07ABBF02-B19D-4E66-B190-ED736B6AFA74}.Debug|Any CPU.Build.0 = Debug|Any CPU
		{07ABBF02-B19D-4E66-B190-ED736B6AFA74}.Debug|x64.ActiveCfg = Debug|x64
		{07ABBF02-B19D-4E66-B190-ED736B6AFA74}.Debug|x64.Build.0 = Debug|x64
		{07ABBF02-B19D-4E66-B190-ED736B6AFA74}.Debug|x86.ActiveCfg = Debug|Any CPU
		{07ABBF02-B19D-4E66-B190-ED736B6AFA74}.Debug|x86.Build.0 = Debug|Any CPU
		{07ABBF02-B19D-4E66-B190-ED736B6AFA74}.Release|Any CPU.ActiveCfg = Release|Any CPU
		{07ABBF02-B19D-4E66-B190-ED736B6AFA74}.Release|Any CPU.Build.0 = Release|Any CPU
		{07ABBF02-B19D-4E66-B190-ED736B6AFA74}.Release|x64.ActiveCfg = Release|x64
		{07ABBF02-B19D-4E66-B190-ED736B6AFA74}.Release|x64.Build.0 = Release|x64
		{07ABBF02-B19D-4E66-B190-ED736B6AFA74}.Release|x86.ActiveCfg = Release|Any CPU
		{07ABBF02-B19D-4E66-B190-ED736B6AFA74}.Release|x86.Build.0 = Release|Any CPU
		{27B852C9-6029-4F86-B908-F0B7282196BD}.Debug|Any CPU.ActiveCfg = Debug|Any CPU
		{27B852C9-6029-4F86-B908-F0B7282196BD}.Debug|Any CPU.Build.0 = Debug|Any CPU
		{27B852C9-6029-4F86-B908-F0B7282196BD}.Debug|x64.ActiveCfg = Debug|x64
		{27B852C9-6029-4F86-B908-F0B7282196BD}.Debug|x64.Build.0 = Debug|x64
		{27B852C9-6029-4F86-B908-F0B7282196BD}.Debug|x86.ActiveCfg = Debug|Any CPU
		{27B852C9-6029-4F86-B908-F0B7282196BD}.Debug|x86.Build.0 = Debug|Any CPU
		{27B852C9-6029-4F86-B908-F0B7282196BD}.Release|Any CPU.ActiveCfg = Release|Any CPU
		{27B852C9-6029-4F86-B908-F0B7282196BD}.Release|Any CPU.Build.0 = Release|Any CPU
		{27B852C9-6029-4F86-B908-F0B7282196BD}.Release|x64.ActiveCfg = Release|x64
		{27B852C9-6029-4F86-B908-F0B7282196BD}.Release|x64.Build.0 = Release|x64
		{27B852C9-6029-4F86-B908-F0B7282196BD}.Release|x86.ActiveCfg = Release|Any CPU
		{27B852C9-6029-4F86-B908-F0B7282196BD}.Release|x86.Build.0 = Release|Any CPU
		{F605E98B-BC64-483D-9418-019791BBAA42}.Debug|Any CPU.ActiveCfg = Debug|Any CPU
		{F605E98B-BC64-483D-9418-019791BBAA42}.Debug|Any CPU.Build.0 = Debug|Any CPU
		{F605E98B-BC64-483D-9418-019791BBAA42}.Debug|x64.ActiveCfg = Debug|x64
		{F605E98B-BC64-483D-9418-019791BBAA42}.Debug|x64.Build.0 = Debug|x64
		{F605E98B-BC64-483D-9418-019791BBAA42}.Debug|x86.ActiveCfg = Debug|Any CPU
		{F605E98B-BC64-483D-9418-019791BBAA42}.Debug|x86.Build.0 = Debug|Any CPU
		{F605E98B-BC64-483D-9418-019791BBAA42}.Release|Any CPU.ActiveCfg = Release|Any CPU
		{F605E98B-BC64-483D-9418-019791BBAA42}.Release|Any CPU.Build.0 = Release|Any CPU
		{F605E98B-BC64-483D-9418-019791BBAA42}.Release|x64.ActiveCfg = Release|Any CPU
		{F605E98B-BC64-483D-9418-019791BBAA42}.Release|x64.Build.0 = Release|Any CPU
		{F605E98B-BC64-483D-9418-019791BBAA42}.Release|x86.ActiveCfg = Release|Any CPU
		{F605E98B-BC64-483D-9418-019791BBAA42}.Release|x86.Build.0 = Release|Any CPU
	EndGlobalSection
	GlobalSection(SolutionProperties) = preSolution
		HideSolutionNode = FALSE
	EndGlobalSection
	GlobalSection(NestedProjects) = preSolution
		{6165B697-9DF1-4655-BBF6-E6AAF805D0F6} = {075B52B8-AB7E-42BF-BBBC-821835EEB04B}
		{2A2ABEE7-F21C-432E-8999-9CFF758DFA54} = {075B52B8-AB7E-42BF-BBBC-821835EEB04B}
		{82EFC008-09CE-483B-B471-2620501C40A1} = {E3FEB618-9F13-48AA-9ADE-AC90701E2A8F}
		{FD078AFC-101A-4EE8-B67B-066255154F59} = {8E8EE346-DE52-4241-B849-E88912C6EED5}
		{07ABBF02-B19D-4E66-B190-ED736B6AFA74} = {42A8FB4F-F009-476D-A69C-ED4DB6614990}
		{27B852C9-6029-4F86-B908-F0B7282196BD} = {E42F559F-A601-410B-B754-682A6D48FCC4}
		{F605E98B-BC64-483D-9418-019791BBAA42} = {E42F559F-A601-410B-B754-682A6D48FCC4}
	EndGlobalSection
	GlobalSection(ExtensibilityGlobals) = postSolution
		SolutionGuid = {C37AB9A7-7D71-4486-9CEE-E8E4D8A9A1DC}
	EndGlobalSection
EndGlobal
