
Microsoft Visual Studio Solution File, Format Version 12.00
# Visual Studio 15
VisualStudioVersion = 15.0.28010.2046
MinimumVisualStudioVersion = 10.0.40219.1
Project("{2150E333-8FDC-42A3-9474-1A3956D46DE8}") = "Engine", "Engine", "{4CEE8BED-42DC-441E-A9C1-C4BC48E0A54A}"
EndProject
Project("{FAE04EC0-301F-11D3-BF4B-00C04F79EFBC}") = "VividEngine", "VividEngine\VividEngine.csproj", "{82EFC008-09CE-483B-B471-2620501C40A1}"
EndProject
Project("{2150E333-8FDC-42A3-9474-1A3956D46DE8}") = "Tools", "Tools", "{D6861505-39BE-4A31-8E3A-7DA8AB5FE907}"
EndProject
Project("{2150E333-8FDC-42A3-9474-1A3956D46DE8}") = "Management", "Management", "{EB900F7F-801D-41B5-900D-89157AEBCD4E}"
EndProject
Project("{FAE04EC0-301F-11D3-BF4B-00C04F79EFBC}") = "ProjectManager", "IDE\ProjectManager\ProjectManager.csproj", "{E061FCBA-F045-4183-AF42-A09D67117762}"
EndProject
Project("{2150E333-8FDC-42A3-9474-1A3956D46DE8}") = "Core", "Core", "{95E486AF-8606-44F2-B8BA-D084A202B338}"
EndProject
Project("{FAE04EC0-301F-11D3-BF4B-00C04F79EFBC}") = "ProjectCore", "Lib\ProjectCore\ProjectCore.csproj", "{2A2ABEE7-F21C-432E-8999-9CFF758DFA54}"
EndProject
Project("{FAE04EC0-301F-11D3-BF4B-00C04F79EFBC}") = "DataCore", "Lib\DataCore\DataCore.csproj", "{6165B697-9DF1-4655-BBF6-E6AAF805D0F6}"
EndProject
Project("{2150E333-8FDC-42A3-9474-1A3956D46DE8}") = "Editor", "Editor", "{A17F49F9-1F4A-4932-8CE8-C78E7DC97CB6}"
EndProject
Project("{FAE04EC0-301F-11D3-BF4B-00C04F79EFBC}") = "VividEditor", "IDE\VEdit\VividEditor.csproj", "{A46CCDF4-F70B-4B0B-BF5E-580E688A3782}"
EndProject
Project("{2150E333-8FDC-42A3-9474-1A3956D46DE8}") = "Controls", "Controls", "{9FB38C25-32E5-4531-8795-5D9EA1EF55D9}"
EndProject
Project("{FAE04EC0-301F-11D3-BF4B-00C04F79EFBC}") = "VividControls", "Controls\VividControls\VividControls.csproj", "{6134628A-06B4-4B6D-8010-867C22B45B13}"
EndProject
Project("{2150E333-8FDC-42A3-9474-1A3956D46DE8}") = "Script", "Script", "{8B618832-D864-402D-B0C0-9567B1D45F02}"
EndProject
Global
	GlobalSection(SolutionConfigurationPlatforms) = preSolution
		Debug|Any CPU = Debug|Any CPU
		Debug|x64 = Debug|x64
		Debug|x86 = Debug|x86
		Release|Any CPU = Release|Any CPU
		Release|x64 = Release|x64
		Release|x86 = Release|x86
	EndGlobalSection
	GlobalSection(ProjectConfigurationPlatforms) = postSolution
		{82EFC008-09CE-483B-B471-2620501C40A1}.Debug|Any CPU.ActiveCfg = Debug|Any CPU
		{82EFC008-09CE-483B-B471-2620501C40A1}.Debug|Any CPU.Build.0 = Debug|Any CPU
		{82EFC008-09CE-483B-B471-2620501C40A1}.Debug|x64.ActiveCfg = Debug|x64
		{82EFC008-09CE-483B-B471-2620501C40A1}.Debug|x64.Build.0 = Debug|x64
		{82EFC008-09CE-483B-B471-2620501C40A1}.Debug|x86.ActiveCfg = Debug|Any CPU
		{82EFC008-09CE-483B-B471-2620501C40A1}.Debug|x86.Build.0 = Debug|Any CPU
		{82EFC008-09CE-483B-B471-2620501C40A1}.Release|Any CPU.ActiveCfg = Release|Any CPU
		{82EFC008-09CE-483B-B471-2620501C40A1}.Release|Any CPU.Build.0 = Release|Any CPU
		{82EFC008-09CE-483B-B471-2620501C40A1}.Release|x64.ActiveCfg = Release|x64
		{82EFC008-09CE-483B-B471-2620501C40A1}.Release|x64.Build.0 = Release|x64
		{82EFC008-09CE-483B-B471-2620501C40A1}.Release|x86.ActiveCfg = Release|Any CPU
		{82EFC008-09CE-483B-B471-2620501C40A1}.Release|x86.Build.0 = Release|Any CPU
		{E061FCBA-F045-4183-AF42-A09D67117762}.Debug|Any CPU.ActiveCfg = Debug|Any CPU
		{E061FCBA-F045-4183-AF42-A09D67117762}.Debug|Any CPU.Build.0 = Debug|Any CPU
		{E061FCBA-F045-4183-AF42-A09D67117762}.Debug|x64.ActiveCfg = Debug|x64
		{E061FCBA-F045-4183-AF42-A09D67117762}.Debug|x64.Build.0 = Debug|x64
		{E061FCBA-F045-4183-AF42-A09D67117762}.Debug|x86.ActiveCfg = Debug|x86
		{E061FCBA-F045-4183-AF42-A09D67117762}.Debug|x86.Build.0 = Debug|x86
		{E061FCBA-F045-4183-AF42-A09D67117762}.Release|Any CPU.ActiveCfg = Release|Any CPU
		{E061FCBA-F045-4183-AF42-A09D67117762}.Release|Any CPU.Build.0 = Release|Any CPU
		{E061FCBA-F045-4183-AF42-A09D67117762}.Release|x64.ActiveCfg = Release|x64
		{E061FCBA-F045-4183-AF42-A09D67117762}.Release|x64.Build.0 = Release|x64
		{E061FCBA-F045-4183-AF42-A09D67117762}.Release|x86.ActiveCfg = Release|x86
		{E061FCBA-F045-4183-AF42-A09D67117762}.Release|x86.Build.0 = Release|x86
		{2A2ABEE7-F21C-432E-8999-9CFF758DFA54}.Debug|Any CPU.ActiveCfg = Debug|Any CPU
		{2A2ABEE7-F21C-432E-8999-9CFF758DFA54}.Debug|Any CPU.Build.0 = Debug|Any CPU
		{2A2ABEE7-F21C-432E-8999-9CFF758DFA54}.Debug|x64.ActiveCfg = Debug|x64
		{2A2ABEE7-F21C-432E-8999-9CFF758DFA54}.Debug|x64.Build.0 = Debug|x64
		{2A2ABEE7-F21C-432E-8999-9CFF758DFA54}.Debug|x86.ActiveCfg = Debug|x86
		{2A2ABEE7-F21C-432E-8999-9CFF758DFA54}.Debug|x86.Build.0 = Debug|x86
		{2A2ABEE7-F21C-432E-8999-9CFF758DFA54}.Release|Any CPU.ActiveCfg = Release|Any CPU
		{2A2ABEE7-F21C-432E-8999-9CFF758DFA54}.Release|Any CPU.Build.0 = Release|Any CPU
		{2A2ABEE7-F21C-432E-8999-9CFF758DFA54}.Release|x64.ActiveCfg = Release|x64
		{2A2ABEE7-F21C-432E-8999-9CFF758DFA54}.Release|x64.Build.0 = Release|x64
		{2A2ABEE7-F21C-432E-8999-9CFF758DFA54}.Release|x86.ActiveCfg = Release|x86
		{2A2ABEE7-F21C-432E-8999-9CFF758DFA54}.Release|x86.Build.0 = Release|x86
		{6165B697-9DF1-4655-BBF6-E6AAF805D0F6}.Debug|Any CPU.ActiveCfg = Debug|Any CPU
		{6165B697-9DF1-4655-BBF6-E6AAF805D0F6}.Debug|Any CPU.Build.0 = Debug|Any CPU
		{6165B697-9DF1-4655-BBF6-E6AAF805D0F6}.Debug|x64.ActiveCfg = Debug|x64
		{6165B697-9DF1-4655-BBF6-E6AAF805D0F6}.Debug|x64.Build.0 = Debug|x64
		{6165B697-9DF1-4655-BBF6-E6AAF805D0F6}.Debug|x86.ActiveCfg = Debug|x86
		{6165B697-9DF1-4655-BBF6-E6AAF805D0F6}.Debug|x86.Build.0 = Debug|x86
		{6165B697-9DF1-4655-BBF6-E6AAF805D0F6}.Release|Any CPU.ActiveCfg = Release|Any CPU
		{6165B697-9DF1-4655-BBF6-E6AAF805D0F6}.Release|Any CPU.Build.0 = Release|Any CPU
		{6165B697-9DF1-4655-BBF6-E6AAF805D0F6}.Release|x64.ActiveCfg = Release|x64
		{6165B697-9DF1-4655-BBF6-E6AAF805D0F6}.Release|x64.Build.0 = Release|x64
		{6165B697-9DF1-4655-BBF6-E6AAF805D0F6}.Release|x86.ActiveCfg = Release|x86
		{6165B697-9DF1-4655-BBF6-E6AAF805D0F6}.Release|x86.Build.0 = Release|x86
		{A46CCDF4-F70B-4B0B-BF5E-580E688A3782}.Debug|Any CPU.ActiveCfg = Debug|Any CPU
		{A46CCDF4-F70B-4B0B-BF5E-580E688A3782}.Debug|Any CPU.Build.0 = Debug|Any CPU
		{A46CCDF4-F70B-4B0B-BF5E-580E688A3782}.Debug|x64.ActiveCfg = Debug|Any CPU
		{A46CCDF4-F70B-4B0B-BF5E-580E688A3782}.Debug|x64.Build.0 = Debug|Any CPU
		{A46CCDF4-F70B-4B0B-BF5E-580E688A3782}.Debug|x86.ActiveCfg = Debug|Any CPU
		{A46CCDF4-F70B-4B0B-BF5E-580E688A3782}.Debug|x86.Build.0 = Debug|Any CPU
		{A46CCDF4-F70B-4B0B-BF5E-580E688A3782}.Release|Any CPU.ActiveCfg = Release|Any CPU
		{A46CCDF4-F70B-4B0B-BF5E-580E688A3782}.Release|Any CPU.Build.0 = Release|Any CPU
		{A46CCDF4-F70B-4B0B-BF5E-580E688A3782}.Release|x64.ActiveCfg = Release|Any CPU
		{A46CCDF4-F70B-4B0B-BF5E-580E688A3782}.Release|x64.Build.0 = Release|Any CPU
		{A46CCDF4-F70B-4B0B-BF5E-580E688A3782}.Release|x86.ActiveCfg = Release|Any CPU
		{A46CCDF4-F70B-4B0B-BF5E-580E688A3782}.Release|x86.Build.0 = Release|Any CPU
		{6134628A-06B4-4B6D-8010-867C22B45B13}.Debug|Any CPU.ActiveCfg = Debug|Any CPU
		{6134628A-06B4-4B6D-8010-867C22B45B13}.Debug|Any CPU.Build.0 = Debug|Any CPU
		{6134628A-06B4-4B6D-8010-867C22B45B13}.Debug|x64.ActiveCfg = Debug|Any CPU
		{6134628A-06B4-4B6D-8010-867C22B45B13}.Debug|x64.Build.0 = Debug|Any CPU
		{6134628A-06B4-4B6D-8010-867C22B45B13}.Debug|x86.ActiveCfg = Debug|x86
		{6134628A-06B4-4B6D-8010-867C22B45B13}.Debug|x86.Build.0 = Debug|x86
		{6134628A-06B4-4B6D-8010-867C22B45B13}.Release|Any CPU.ActiveCfg = Release|Any CPU
		{6134628A-06B4-4B6D-8010-867C22B45B13}.Release|Any CPU.Build.0 = Release|Any CPU
		{6134628A-06B4-4B6D-8010-867C22B45B13}.Release|x64.ActiveCfg = Release|Any CPU
		{6134628A-06B4-4B6D-8010-867C22B45B13}.Release|x64.Build.0 = Release|Any CPU
		{6134628A-06B4-4B6D-8010-867C22B45B13}.Release|x86.ActiveCfg = Release|x86
		{6134628A-06B4-4B6D-8010-867C22B45B13}.Release|x86.Build.0 = Release|x86
	EndGlobalSection
	GlobalSection(SolutionProperties) = preSolution
		HideSolutionNode = FALSE
	EndGlobalSection
	GlobalSection(NestedProjects) = preSolution
		{82EFC008-09CE-483B-B471-2620501C40A1} = {4CEE8BED-42DC-441E-A9C1-C4BC48E0A54A}
		{EB900F7F-801D-41B5-900D-89157AEBCD4E} = {D6861505-39BE-4A31-8E3A-7DA8AB5FE907}
		{E061FCBA-F045-4183-AF42-A09D67117762} = {EB900F7F-801D-41B5-900D-89157AEBCD4E}
		{2A2ABEE7-F21C-432E-8999-9CFF758DFA54} = {95E486AF-8606-44F2-B8BA-D084A202B338}
		{6165B697-9DF1-4655-BBF6-E6AAF805D0F6} = {95E486AF-8606-44F2-B8BA-D084A202B338}
		{A17F49F9-1F4A-4932-8CE8-C78E7DC97CB6} = {D6861505-39BE-4A31-8E3A-7DA8AB5FE907}
		{A46CCDF4-F70B-4B0B-BF5E-580E688A3782} = {A17F49F9-1F4A-4932-8CE8-C78E7DC97CB6}
		{6134628A-06B4-4B6D-8010-867C22B45B13} = {9FB38C25-32E5-4531-8795-5D9EA1EF55D9}
	EndGlobalSection
	GlobalSection(ExtensibilityGlobals) = postSolution
		SolutionGuid = {C342D851-C9C0-41B0-B68F-712A783A50A7}
	EndGlobalSection
EndGlobal
