
Microsoft Visual Studio Solution File, Format Version 12.00
# Visual Studio 15
Project("{FAE04EC0-301F-11D3-BF4B-00C04F79EFBC}") = "DataCore", "..\..\Lib\DataCore\DataCore.csproj", "{6165B697-9DF1-4655-BBF6-E6AAF805D0F6}"
EndProject
Project("{FAE04EC0-301F-11D3-BF4B-00C04F79EFBC}") = "ProjectCore", "..\..\Lib\ProjectCore\ProjectCore.csproj", "{2A2ABEE7-F21C-432E-8999-9CFF758DFA54}"
EndProject
Project("{2150E333-8FDC-42A3-9474-1A3956D46DE8}") = "Core", "Core", "{B81031C7-0D64-4A72-8B94-6B948C824F3C}"
EndProject
Project("{FAE04EC0-301F-11D3-BF4B-00C04F79EFBC}") = "V3DMImporter", "..\..\F3DMImporter\V3DMImporter\V3DMImporter.csproj", "{C1CAB027-75A5-49AC-9B4A-F80EEC0FF94E}"
EndProject
Project("{2150E333-8FDC-42A3-9474-1A3956D46DE8}") = "IO", "IO", "{D94393E3-EAA4-4655-B2F2-2237BB26FB17}"
EndProject
Project("{FAE04EC0-301F-11D3-BF4B-00C04F79EFBC}") = "FusionEngine", "..\..\FusionEngine\FusionEngine.csproj", "{82EFC008-09CE-483B-B471-2620501C40A1}"
EndProject
Project("{2150E333-8FDC-42A3-9474-1A3956D46DE8}") = "Engine", "Engine", "{9B15B10B-BEFD-407D-A88C-64D10260CF71}"
EndProject
Project("{2150E333-8FDC-42A3-9474-1A3956D46DE8}") = "Samples", "Samples", "{C2FE99E7-33AF-47E0-BE60-2A86666A8C20}"
EndProject
Project("{2150E333-8FDC-42A3-9474-1A3956D46DE8}") = "Games", "Games", "{CB38B514-D8BA-4326-A99A-9AB4A1ABD4E3}"
EndProject
Project("{FAE04EC0-301F-11D3-BF4B-00C04F79EFBC}") = "Foom", "..\..\Foom\Foom.csproj", "{F605E98B-BC64-483D-9418-019791BBAA42}"
EndProject
Project("{2150E333-8FDC-42A3-9474-1A3956D46DE8}") = "Script", "Script", "{97A8CF29-A01F-46D5-B28E-D8B69EB1274A}"
EndProject
Project("{FAE04EC0-301F-11D3-BF4B-00C04F79EFBC}") = "FusionScript", "..\..\FusionScript\FusionScript.csproj", "{FD078AFC-101A-4EE8-B67B-066255154F59}"
EndProject
Global
	GlobalSection(SolutionConfigurationPlatforms) = preSolution
		Debug|Any CPU = Debug|Any CPU
		Release|Any CPU = Release|Any CPU
		Debug|x64 = Debug|x64
		Release|x64 = Release|x64
		Debug|x86 = Debug|x86
		Release|x86 = Release|x86
	EndGlobalSection
	GlobalSection(ProjectConfigurationPlatforms) = postSolution
		{6165B697-9DF1-4655-BBF6-E6AAF805D0F6}.Debug|x64.ActiveCfg = Debug|x64
		{6165B697-9DF1-4655-BBF6-E6AAF805D0F6}.Debug|x64.Build.0 = Debug|x64
		{6165B697-9DF1-4655-BBF6-E6AAF805D0F6}.Release|x64.ActiveCfg = Release|x64
		{6165B697-9DF1-4655-BBF6-E6AAF805D0F6}.Release|x64.Build.0 = Release|x64
		{2A2ABEE7-F21C-432E-8999-9CFF758DFA54}.Debug|x64.ActiveCfg = Debug|x64
		{2A2ABEE7-F21C-432E-8999-9CFF758DFA54}.Debug|x64.Build.0 = Debug|x64
		{2A2ABEE7-F21C-432E-8999-9CFF758DFA54}.Release|x64.ActiveCfg = Release|x64
		{2A2ABEE7-F21C-432E-8999-9CFF758DFA54}.Release|x64.Build.0 = Release|x64
		{C1CAB027-75A5-49AC-9B4A-F80EEC0FF94E}.Debug|x64.ActiveCfg = Debug|Any CPU
		{C1CAB027-75A5-49AC-9B4A-F80EEC0FF94E}.Debug|x64.Build.0 = Debug|Any CPU
		{C1CAB027-75A5-49AC-9B4A-F80EEC0FF94E}.Release|x64.ActiveCfg = Release|Any CPU
		{C1CAB027-75A5-49AC-9B4A-F80EEC0FF94E}.Release|x64.Build.0 = Release|Any CPU
		{82EFC008-09CE-483B-B471-2620501C40A1}.Debug|x64.ActiveCfg = Debug|x64
		{82EFC008-09CE-483B-B471-2620501C40A1}.Debug|x64.Build.0 = Debug|x64
		{82EFC008-09CE-483B-B471-2620501C40A1}.Release|x64.ActiveCfg = Release|x64
		{82EFC008-09CE-483B-B471-2620501C40A1}.Release|x64.Build.0 = Release|x64
		{F605E98B-BC64-483D-9418-019791BBAA42}.Debug|x64.ActiveCfg = Debug|x64
		{F605E98B-BC64-483D-9418-019791BBAA42}.Debug|x64.Build.0 = Debug|x64
		{F605E98B-BC64-483D-9418-019791BBAA42}.Release|x64.ActiveCfg = Release|x64
		{F605E98B-BC64-483D-9418-019791BBAA42}.Release|x64.Build.0 = Release|x64
		{FD078AFC-101A-4EE8-B67B-066255154F59}.Debug|x64.ActiveCfg = Debug|x64
		{FD078AFC-101A-4EE8-B67B-066255154F59}.Debug|x64.Build.0 = Debug|x64
		{FD078AFC-101A-4EE8-B67B-066255154F59}.Release|x64.ActiveCfg = Release|x64
		{FD078AFC-101A-4EE8-B67B-066255154F59}.Release|x64.Build.0 = Release|x64
	EndGlobalSection
	GlobalSection(NestedProjects) = preSolution
		{6165B697-9DF1-4655-BBF6-E6AAF805D0F6} = {B81031C7-0D64-4A72-8B94-6B948C824F3C}
		{2A2ABEE7-F21C-432E-8999-9CFF758DFA54} = {B81031C7-0D64-4A72-8B94-6B948C824F3C}
		{C1CAB027-75A5-49AC-9B4A-F80EEC0FF94E} = {D94393E3-EAA4-4655-B2F2-2237BB26FB17}
		{82EFC008-09CE-483B-B471-2620501C40A1} = {9B15B10B-BEFD-407D-A88C-64D10260CF71}
		{CB38B514-D8BA-4326-A99A-9AB4A1ABD4E3} = {C2FE99E7-33AF-47E0-BE60-2A86666A8C20}
		{F605E98B-BC64-483D-9418-019791BBAA42} = {CB38B514-D8BA-4326-A99A-9AB4A1ABD4E3}
		{FD078AFC-101A-4EE8-B67B-066255154F59} = {97A8CF29-A01F-46D5-B28E-D8B69EB1274A}
	EndGlobalSection
EndGlobal
