
Microsoft Visual Studio Solution File, Format Version 12.00
# Visual Studio 15
VisualStudioVersion = 15.0.28218.60
MinimumVisualStudioVersion = 10.0.40219.1
Project("{FAE04EC0-301F-11D3-BF4B-00C04F79EFBC}") = "V3DMImporter", "V3DMImporter.csproj", "{C1CAB027-75A5-49AC-9B4A-F80EEC0FF94E}"
EndProject
Project("{FAE04EC0-301F-11D3-BF4B-00C04F79EFBC}") = "TestImport", "..\TestImport\TestImport.csproj", "{96959D96-A0E6-462D-A424-B111C7A2E9E8}"
EndProject
Global
	GlobalSection(SolutionConfigurationPlatforms) = preSolution
		Debug|Any CPU = Debug|Any CPU
		Release|Any CPU = Release|Any CPU
	EndGlobalSection
	GlobalSection(ProjectConfigurationPlatforms) = postSolution
		{C1CAB027-75A5-49AC-9B4A-F80EEC0FF94E}.Debug|Any CPU.ActiveCfg = Debug|Any CPU
		{C1CAB027-75A5-49AC-9B4A-F80EEC0FF94E}.Debug|Any CPU.Build.0 = Debug|Any CPU
		{C1CAB027-75A5-49AC-9B4A-F80EEC0FF94E}.Release|Any CPU.ActiveCfg = Release|Any CPU
		{C1CAB027-75A5-49AC-9B4A-F80EEC0FF94E}.Release|Any CPU.Build.0 = Release|Any CPU
		{96959D96-A0E6-462D-A424-B111C7A2E9E8}.Debug|Any CPU.ActiveCfg = Debug|Any CPU
		{96959D96-A0E6-462D-A424-B111C7A2E9E8}.Debug|Any CPU.Build.0 = Debug|Any CPU
		{96959D96-A0E6-462D-A424-B111C7A2E9E8}.Release|Any CPU.ActiveCfg = Release|Any CPU
		{96959D96-A0E6-462D-A424-B111C7A2E9E8}.Release|Any CPU.Build.0 = Release|Any CPU
	EndGlobalSection
	GlobalSection(SolutionProperties) = preSolution
		HideSolutionNode = FALSE
	EndGlobalSection
EndGlobal
